
Microsoft Visual Studio Solution File, Format Version 12.00
# Visual Studio Version 16
VisualStudioVersion = 16.0.30611.23
MinimumVisualStudioVersion = 10.0.40219.1
Project("{8BC9CEB8-8B4A-11D0-8D11-00A0C91BC942}") = "Fraction", "C++Workshop\C++Workshop.vcxproj", "{B71D3C3D-BAC8-4B41-8352-94C07C21E029}"
EndProject
Project("{8BC9CEB8-8B4A-11D0-8D11-00A0C91BC942}") = "Worker", "Worker\Worker.vcxproj", "{C8D21ECF-A109-4EA8-AEFA-0CAF06BAB1D4}"
EndProject
Project("{8BC9CEB8-8B4A-11D0-8D11-00A0C91BC942}") = "Circle", "Point\Point.vcxproj", "{E10D40F0-D26A-4DA8-85B0-6099FCCBEF90}"
EndProject
Project("{8BC9CEB8-8B4A-11D0-8D11-00A0C91BC942}") = "Rational", "Rational\Rational.vcxproj", "{E69963EB-4A7E-4C9D-A854-F78DC184E07A}"
EndProject
Project("{8BC9CEB8-8B4A-11D0-8D11-00A0C91BC942}") = "Date", "Date\Date.vcxproj", "{2B8B8144-161D-4F3F-A55B-2E387CDB5483}"
EndProject
Project("{8BC9CEB8-8B4A-11D0-8D11-00A0C91BC942}") = "String", "String\String.vcxproj", "{8243EF86-F26C-450C-9C2F-D7198102EE29}"
EndProject
Project("{8BC9CEB8-8B4A-11D0-8D11-00A0C91BC942}") = "Vector", "Vector\Vector.vcxproj", "{B8E36671-BC8E-4272-92EE-A05FDE5263E4}"
EndProject
Project("{8BC9CEB8-8B4A-11D0-8D11-00A0C91BC942}") = "Polygon", "Polygon\Polygon.vcxproj", "{4C285072-FBB3-42A5-AA9B-FE49ACB49BF0}"
EndProject
Project("{8BC9CEB8-8B4A-11D0-8D11-00A0C91BC942}") = "StringPractise", "StringPractise\StringPractise.vcxproj", "{67993BA9-B9A7-45E3-8ED5-828F1569F7EA}"
EndProject
Project("{8BC9CEB8-8B4A-11D0-8D11-00A0C91BC942}") = "ATM", "ATM\ATM.vcxproj", "{0AC24661-2F21-40D9-8F53-7E355DFE5E4A}"
EndProject
Project("{8BC9CEB8-8B4A-11D0-8D11-00A0C91BC942}") = "List", "List\List.vcxproj", "{C7499F55-9EA0-483E-97EF-F89EC80F738A}"
EndProject
Project("{8BC9CEB8-8B4A-11D0-8D11-00A0C91BC942}") = "RoundList", "RoundList\RoundList.vcxproj", "{3FE3B8A2-F6B8-4E3B-8847-85A3BE0AEFD6}"
EndProject
Project("{8BC9CEB8-8B4A-11D0-8D11-00A0C91BC942}") = "Shapes", "Shapes\Shapes.vcxproj", "{C8BAA0E5-65C9-46CA-A295-3EE074282C2E}"
EndProject
Project("{8BC9CEB8-8B4A-11D0-8D11-00A0C91BC942}") = "HigherEducation", "HigherEducation\HigherEducation.vcxproj", "{59F5C42D-30D7-4D78-8A9A-88A67D0D510C}"
EndProject
Project("{8BC9CEB8-8B4A-11D0-8D11-00A0C91BC942}") = "InfixOrPostfix", "InfixOrPostfix\InfixOrPostfix.vcxproj", "{4F98B0D2-17AA-4A5F-979D-D57A21690ACB}"
EndProject
Project("{8BC9CEB8-8B4A-11D0-8D11-00A0C91BC942}") = "StackQueue", "StackQueue\StackQueue.vcxproj", "{04EC6B7F-06DF-4646-8F89-E444D769D2C6}"
EndProject
Global
	GlobalSection(SolutionConfigurationPlatforms) = preSolution
		Debug|x64 = Debug|x64
		Debug|x86 = Debug|x86
		Release|x64 = Release|x64
		Release|x86 = Release|x86
	EndGlobalSection
	GlobalSection(ProjectConfigurationPlatforms) = postSolution
		{B71D3C3D-BAC8-4B41-8352-94C07C21E029}.Debug|x64.ActiveCfg = Debug|x64
		{B71D3C3D-BAC8-4B41-8352-94C07C21E029}.Debug|x64.Build.0 = Debug|x64
		{B71D3C3D-BAC8-4B41-8352-94C07C21E029}.Debug|x86.ActiveCfg = Debug|Win32
		{B71D3C3D-BAC8-4B41-8352-94C07C21E029}.Debug|x86.Build.0 = Debug|Win32
		{B71D3C3D-BAC8-4B41-8352-94C07C21E029}.Release|x64.ActiveCfg = Release|x64
		{B71D3C3D-BAC8-4B41-8352-94C07C21E029}.Release|x64.Build.0 = Release|x64
		{B71D3C3D-BAC8-4B41-8352-94C07C21E029}.Release|x86.ActiveCfg = Release|Win32
		{B71D3C3D-BAC8-4B41-8352-94C07C21E029}.Release|x86.Build.0 = Release|Win32
		{C8D21ECF-A109-4EA8-AEFA-0CAF06BAB1D4}.Debug|x64.ActiveCfg = Debug|x64
		{C8D21ECF-A109-4EA8-AEFA-0CAF06BAB1D4}.Debug|x64.Build.0 = Debug|x64
		{C8D21ECF-A109-4EA8-AEFA-0CAF06BAB1D4}.Debug|x86.ActiveCfg = Debug|Win32
		{C8D21ECF-A109-4EA8-AEFA-0CAF06BAB1D4}.Debug|x86.Build.0 = Debug|Win32
		{C8D21ECF-A109-4EA8-AEFA-0CAF06BAB1D4}.Release|x64.ActiveCfg = Release|x64
		{C8D21ECF-A109-4EA8-AEFA-0CAF06BAB1D4}.Release|x64.Build.0 = Release|x64
		{C8D21ECF-A109-4EA8-AEFA-0CAF06BAB1D4}.Release|x86.ActiveCfg = Release|Win32
		{C8D21ECF-A109-4EA8-AEFA-0CAF06BAB1D4}.Release|x86.Build.0 = Release|Win32
		{E10D40F0-D26A-4DA8-85B0-6099FCCBEF90}.Debug|x64.ActiveCfg = Debug|x64
		{E10D40F0-D26A-4DA8-85B0-6099FCCBEF90}.Debug|x64.Build.0 = Debug|x64
		{E10D40F0-D26A-4DA8-85B0-6099FCCBEF90}.Debug|x86.ActiveCfg = Debug|Win32
		{E10D40F0-D26A-4DA8-85B0-6099FCCBEF90}.Debug|x86.Build.0 = Debug|Win32
		{E10D40F0-D26A-4DA8-85B0-6099FCCBEF90}.Release|x64.ActiveCfg = Release|x64
		{E10D40F0-D26A-4DA8-85B0-6099FCCBEF90}.Release|x64.Build.0 = Release|x64
		{E10D40F0-D26A-4DA8-85B0-6099FCCBEF90}.Release|x86.ActiveCfg = Release|Win32
		{E10D40F0-D26A-4DA8-85B0-6099FCCBEF90}.Release|x86.Build.0 = Release|Win32
		{E69963EB-4A7E-4C9D-A854-F78DC184E07A}.Debug|x64.ActiveCfg = Debug|x64
		{E69963EB-4A7E-4C9D-A854-F78DC184E07A}.Debug|x64.Build.0 = Debug|x64
		{E69963EB-4A7E-4C9D-A854-F78DC184E07A}.Debug|x86.ActiveCfg = Debug|Win32
		{E69963EB-4A7E-4C9D-A854-F78DC184E07A}.Debug|x86.Build.0 = Debug|Win32
		{E69963EB-4A7E-4C9D-A854-F78DC184E07A}.Release|x64.ActiveCfg = Release|x64
		{E69963EB-4A7E-4C9D-A854-F78DC184E07A}.Release|x64.Build.0 = Release|x64
		{E69963EB-4A7E-4C9D-A854-F78DC184E07A}.Release|x86.ActiveCfg = Release|Win32
		{E69963EB-4A7E-4C9D-A854-F78DC184E07A}.Release|x86.Build.0 = Release|Win32
		{2B8B8144-161D-4F3F-A55B-2E387CDB5483}.Debug|x64.ActiveCfg = Debug|x64
		{2B8B8144-161D-4F3F-A55B-2E387CDB5483}.Debug|x64.Build.0 = Debug|x64
		{2B8B8144-161D-4F3F-A55B-2E387CDB5483}.Debug|x86.ActiveCfg = Debug|Win32
		{2B8B8144-161D-4F3F-A55B-2E387CDB5483}.Debug|x86.Build.0 = Debug|Win32
		{2B8B8144-161D-4F3F-A55B-2E387CDB5483}.Release|x64.ActiveCfg = Release|x64
		{2B8B8144-161D-4F3F-A55B-2E387CDB5483}.Release|x64.Build.0 = Release|x64
		{2B8B8144-161D-4F3F-A55B-2E387CDB5483}.Release|x86.ActiveCfg = Release|Win32
		{2B8B8144-161D-4F3F-A55B-2E387CDB5483}.Release|x86.Build.0 = Release|Win32
		{8243EF86-F26C-450C-9C2F-D7198102EE29}.Debug|x64.ActiveCfg = Debug|x64
		{8243EF86-F26C-450C-9C2F-D7198102EE29}.Debug|x64.Build.0 = Debug|x64
		{8243EF86-F26C-450C-9C2F-D7198102EE29}.Debug|x86.ActiveCfg = Debug|Win32
		{8243EF86-F26C-450C-9C2F-D7198102EE29}.Debug|x86.Build.0 = Debug|Win32
		{8243EF86-F26C-450C-9C2F-D7198102EE29}.Release|x64.ActiveCfg = Release|x64
		{8243EF86-F26C-450C-9C2F-D7198102EE29}.Release|x64.Build.0 = Release|x64
		{8243EF86-F26C-450C-9C2F-D7198102EE29}.Release|x86.ActiveCfg = Release|Win32
		{8243EF86-F26C-450C-9C2F-D7198102EE29}.Release|x86.Build.0 = Release|Win32
		{B8E36671-BC8E-4272-92EE-A05FDE5263E4}.Debug|x64.ActiveCfg = Debug|x64
		{B8E36671-BC8E-4272-92EE-A05FDE5263E4}.Debug|x64.Build.0 = Debug|x64
		{B8E36671-BC8E-4272-92EE-A05FDE5263E4}.Debug|x86.ActiveCfg = Debug|Win32
		{B8E36671-BC8E-4272-92EE-A05FDE5263E4}.Debug|x86.Build.0 = Debug|Win32
		{B8E36671-BC8E-4272-92EE-A05FDE5263E4}.Release|x64.ActiveCfg = Release|x64
		{B8E36671-BC8E-4272-92EE-A05FDE5263E4}.Release|x64.Build.0 = Release|x64
		{B8E36671-BC8E-4272-92EE-A05FDE5263E4}.Release|x86.ActiveCfg = Release|Win32
		{B8E36671-BC8E-4272-92EE-A05FDE5263E4}.Release|x86.Build.0 = Release|Win32
		{4C285072-FBB3-42A5-AA9B-FE49ACB49BF0}.Debug|x64.ActiveCfg = Debug|x64
		{4C285072-FBB3-42A5-AA9B-FE49ACB49BF0}.Debug|x64.Build.0 = Debug|x64
		{4C285072-FBB3-42A5-AA9B-FE49ACB49BF0}.Debug|x86.ActiveCfg = Debug|Win32
		{4C285072-FBB3-42A5-AA9B-FE49ACB49BF0}.Debug|x86.Build.0 = Debug|Win32
		{4C285072-FBB3-42A5-AA9B-FE49ACB49BF0}.Release|x64.ActiveCfg = Release|x64
		{4C285072-FBB3-42A5-AA9B-FE49ACB49BF0}.Release|x64.Build.0 = Release|x64
		{4C285072-FBB3-42A5-AA9B-FE49ACB49BF0}.Release|x86.ActiveCfg = Release|Win32
		{4C285072-FBB3-42A5-AA9B-FE49ACB49BF0}.Release|x86.Build.0 = Release|Win32
		{67993BA9-B9A7-45E3-8ED5-828F1569F7EA}.Debug|x64.ActiveCfg = Debug|x64
		{67993BA9-B9A7-45E3-8ED5-828F1569F7EA}.Debug|x64.Build.0 = Debug|x64
		{67993BA9-B9A7-45E3-8ED5-828F1569F7EA}.Debug|x86.ActiveCfg = Debug|Win32
		{67993BA9-B9A7-45E3-8ED5-828F1569F7EA}.Debug|x86.Build.0 = Debug|Win32
		{67993BA9-B9A7-45E3-8ED5-828F1569F7EA}.Release|x64.ActiveCfg = Release|x64
		{67993BA9-B9A7-45E3-8ED5-828F1569F7EA}.Release|x64.Build.0 = Release|x64
		{67993BA9-B9A7-45E3-8ED5-828F1569F7EA}.Release|x86.ActiveCfg = Release|Win32
		{67993BA9-B9A7-45E3-8ED5-828F1569F7EA}.Release|x86.Build.0 = Release|Win32
		{0AC24661-2F21-40D9-8F53-7E355DFE5E4A}.Debug|x64.ActiveCfg = Debug|x64
		{0AC24661-2F21-40D9-8F53-7E355DFE5E4A}.Debug|x64.Build.0 = Debug|x64
		{0AC24661-2F21-40D9-8F53-7E355DFE5E4A}.Debug|x86.ActiveCfg = Debug|Win32
		{0AC24661-2F21-40D9-8F53-7E355DFE5E4A}.Debug|x86.Build.0 = Debug|Win32
		{0AC24661-2F21-40D9-8F53-7E355DFE5E4A}.Release|x64.ActiveCfg = Release|x64
		{0AC24661-2F21-40D9-8F53-7E355DFE5E4A}.Release|x64.Build.0 = Release|x64
		{0AC24661-2F21-40D9-8F53-7E355DFE5E4A}.Release|x86.ActiveCfg = Release|Win32
		{0AC24661-2F21-40D9-8F53-7E355DFE5E4A}.Release|x86.Build.0 = Release|Win32
		{C7499F55-9EA0-483E-97EF-F89EC80F738A}.Debug|x64.ActiveCfg = Debug|x64
		{C7499F55-9EA0-483E-97EF-F89EC80F738A}.Debug|x64.Build.0 = Debug|x64
		{C7499F55-9EA0-483E-97EF-F89EC80F738A}.Debug|x86.ActiveCfg = Debug|Win32
		{C7499F55-9EA0-483E-97EF-F89EC80F738A}.Debug|x86.Build.0 = Debug|Win32
		{C7499F55-9EA0-483E-97EF-F89EC80F738A}.Release|x64.ActiveCfg = Release|x64
		{C7499F55-9EA0-483E-97EF-F89EC80F738A}.Release|x64.Build.0 = Release|x64
		{C7499F55-9EA0-483E-97EF-F89EC80F738A}.Release|x86.ActiveCfg = Release|Win32
		{C7499F55-9EA0-483E-97EF-F89EC80F738A}.Release|x86.Build.0 = Release|Win32
		{3FE3B8A2-F6B8-4E3B-8847-85A3BE0AEFD6}.Debug|x64.ActiveCfg = Debug|x64
		{3FE3B8A2-F6B8-4E3B-8847-85A3BE0AEFD6}.Debug|x64.Build.0 = Debug|x64
		{3FE3B8A2-F6B8-4E3B-8847-85A3BE0AEFD6}.Debug|x86.ActiveCfg = Debug|Win32
		{3FE3B8A2-F6B8-4E3B-8847-85A3BE0AEFD6}.Debug|x86.Build.0 = Debug|Win32
		{3FE3B8A2-F6B8-4E3B-8847-85A3BE0AEFD6}.Release|x64.ActiveCfg = Release|x64
		{3FE3B8A2-F6B8-4E3B-8847-85A3BE0AEFD6}.Release|x64.Build.0 = Release|x64
		{3FE3B8A2-F6B8-4E3B-8847-85A3BE0AEFD6}.Release|x86.ActiveCfg = Release|Win32
		{3FE3B8A2-F6B8-4E3B-8847-85A3BE0AEFD6}.Release|x86.Build.0 = Release|Win32
		{C8BAA0E5-65C9-46CA-A295-3EE074282C2E}.Debug|x64.ActiveCfg = Debug|x64
		{C8BAA0E5-65C9-46CA-A295-3EE074282C2E}.Debug|x64.Build.0 = Debug|x64
		{C8BAA0E5-65C9-46CA-A295-3EE074282C2E}.Debug|x86.ActiveCfg = Debug|Win32
		{C8BAA0E5-65C9-46CA-A295-3EE074282C2E}.Debug|x86.Build.0 = Debug|Win32
		{C8BAA0E5-65C9-46CA-A295-3EE074282C2E}.Release|x64.ActiveCfg = Release|x64
		{C8BAA0E5-65C9-46CA-A295-3EE074282C2E}.Release|x64.Build.0 = Release|x64
		{C8BAA0E5-65C9-46CA-A295-3EE074282C2E}.Release|x86.ActiveCfg = Release|Win32
		{C8BAA0E5-65C9-46CA-A295-3EE074282C2E}.Release|x86.Build.0 = Release|Win32
		{59F5C42D-30D7-4D78-8A9A-88A67D0D510C}.Debug|x64.ActiveCfg = Debug|x64
		{59F5C42D-30D7-4D78-8A9A-88A67D0D510C}.Debug|x64.Build.0 = Debug|x64
		{59F5C42D-30D7-4D78-8A9A-88A67D0D510C}.Debug|x86.ActiveCfg = Debug|Win32
		{59F5C42D-30D7-4D78-8A9A-88A67D0D510C}.Debug|x86.Build.0 = Debug|Win32
		{59F5C42D-30D7-4D78-8A9A-88A67D0D510C}.Release|x64.ActiveCfg = Release|x64
		{59F5C42D-30D7-4D78-8A9A-88A67D0D510C}.Release|x64.Build.0 = Release|x64
		{59F5C42D-30D7-4D78-8A9A-88A67D0D510C}.Release|x86.ActiveCfg = Release|Win32
		{59F5C42D-30D7-4D78-8A9A-88A67D0D510C}.Release|x86.Build.0 = Release|Win32
		{4F98B0D2-17AA-4A5F-979D-D57A21690ACB}.Debug|x64.ActiveCfg = Debug|x64
		{4F98B0D2-17AA-4A5F-979D-D57A21690ACB}.Debug|x64.Build.0 = Debug|x64
		{4F98B0D2-17AA-4A5F-979D-D57A21690ACB}.Debug|x86.ActiveCfg = Debug|Win32
		{4F98B0D2-17AA-4A5F-979D-D57A21690ACB}.Debug|x86.Build.0 = Debug|Win32
		{4F98B0D2-17AA-4A5F-979D-D57A21690ACB}.Release|x64.ActiveCfg = Release|x64
		{4F98B0D2-17AA-4A5F-979D-D57A21690ACB}.Release|x64.Build.0 = Release|x64
		{4F98B0D2-17AA-4A5F-979D-D57A21690ACB}.Release|x86.ActiveCfg = Release|Win32
		{4F98B0D2-17AA-4A5F-979D-D57A21690ACB}.Release|x86.Build.0 = Release|Win32
		{04EC6B7F-06DF-4646-8F89-E444D769D2C6}.Debug|x64.ActiveCfg = Debug|x64
		{04EC6B7F-06DF-4646-8F89-E444D769D2C6}.Debug|x64.Build.0 = Debug|x64
		{04EC6B7F-06DF-4646-8F89-E444D769D2C6}.Debug|x86.ActiveCfg = Debug|Win32
		{04EC6B7F-06DF-4646-8F89-E444D769D2C6}.Debug|x86.Build.0 = Debug|Win32
		{04EC6B7F-06DF-4646-8F89-E444D769D2C6}.Release|x64.ActiveCfg = Release|x64
		{04EC6B7F-06DF-4646-8F89-E444D769D2C6}.Release|x64.Build.0 = Release|x64
		{04EC6B7F-06DF-4646-8F89-E444D769D2C6}.Release|x86.ActiveCfg = Release|Win32
		{04EC6B7F-06DF-4646-8F89-E444D769D2C6}.Release|x86.Build.0 = Release|Win32
	EndGlobalSection
	GlobalSection(SolutionProperties) = preSolution
		HideSolutionNode = FALSE
	EndGlobalSection
	GlobalSection(ExtensibilityGlobals) = postSolution
		SolutionGuid = {FC5C8515-9B35-493C-9749-C07F29E3F8D9}
	EndGlobalSection
EndGlobal
